lockfileVersion: '9.0'

settings:
  autoInstallPeers: true
  excludeLinksFromLockfile: false

importers:

  .:
    dependencies:
      '@vitejs/longfilename-aaaaaaaaaaaaaaaaaaaaaaaaaaaaaaaaaaaaaaaaaaaaaaaaaaaaaaaaaaaaaaaaaaaaaaaaaaaaaaaaaaaaaaaaaaaaaaaaaaaaaaaaaaaaaaaaaaaaaaaaaaaaaaaaaaaaaaaaaaaaaaaaaaaaaaaaaaaaaaaaaaaaaaaaaaaaaaaaaaaaaaaaaaaa':
        specifier: file:./longfilename
        version: file:longfilename
      oxc-resolver:
        specifier: ^2.0.0
        version: 2.0.0

packages:

  '@emnapi/core@1.3.1':
    resolution: {integrity: sha512-pVGjBIt1Y6gg3EJN8jTcfpP/+uuRksIo055oE/OBkDNcjZqVbfkWCksG1Jp4yZnj3iKWyWX8fdG/j6UDYPbFog==}

  '@emnapi/runtime@1.3.1':
    resolution: {integrity: sha512-kEBmG8KyqtxJZv+ygbEim+KCGtIq1fC22Ms3S4ziXmYKm8uyoLX0MHONVKwp+9opg390VaKRNt4a7A9NwmpNhw==}

  '@emnapi/wasi-threads@1.0.1':
    resolution: {integrity: sha512-iIBu7mwkq4UQGeMEM8bLwNK962nXdhodeScX4slfQnRhEMMzvYivHhutCIk8uojvmASXXPC2WNEjwxFWk72Oqw==}

  '@napi-rs/wasm-runtime@0.2.5':
    resolution: {integrity: sha512-kwUxR7J9WLutBbulqg1dfOrMTwhMdXLdcGUhcbCcGwnPLt3gz19uHVdwH1syKVDbE022ZS2vZxOWflFLS0YTjw==}

  '@oxc-resolver/binding-darwin-arm64@2.0.0':
    resolution: {integrity: sha512-47F2ID66KbApUp8s5XwDWEX6E9FaivPiDlzlOqF7PE+3HiGmuXV/Iec5QaZEebYbHZMqSnzM7R6UJpLEcQHHrQ==}
    cpu: [arm64]
    os: [darwin]

  '@oxc-resolver/binding-darwin-x64@2.0.0':
    resolution: {integrity: sha512-z3HW/3qEQjIwpnUK3hZctVKkifdxrrezq1p0HlL6csfH32SXGa9JKsisxNT7wmNHY/OwNr3vxK30bk83+np0rg==}
    cpu: [x64]
    os: [darwin]

  '@oxc-resolver/binding-freebsd-x64@2.0.0':
    resolution: {integrity: sha512-VTBpHLVBIyHYjeD+YV9Iu7JuF6AaxBCD8gd1Nh5jbCn7z/b+cvQg0wgP/syY9SeqNVQk7YSrsyYKM1Jm8tZ8wA==}
    cpu: [x64]
    os: [freebsd]

  '@oxc-resolver/binding-linux-arm-gnueabihf@2.0.0':
    resolution: {integrity: sha512-UrgTLdPaJjOhTSbTQqLAf/wV5p4SyU31PB7MBc9uhjGv4qvBc9mqUhXg6f8QG9DiGV2IVbi2IZzAbN4+3l1fig==}
    cpu: [arm]
    os: [linux]

  '@oxc-resolver/binding-linux-arm64-gnu@2.0.0':
    resolution: {integrity: sha512-s0n4pZPwzkM5Wxsg40EwEyrMIkSA3jMImywrbp+7NPq1IJXB2Tnf1JS018bICms/SymvpzBAJcMjTecKnugHMQ==}
    cpu: [arm64]
    os: [linux]

  '@oxc-resolver/binding-linux-arm64-musl@2.0.0':
    resolution: {integrity: sha512-i2Cp3t25xtDWrksoK1lkdcC16gQ+BQrDe/S2raZ1jK3/r5HZp6VIoiHC5O2bUYmZjGdfAGxoDE4dT+BVhVrB7Q==}
    cpu: [arm64]
    os: [linux]

  '@oxc-resolver/binding-linux-x64-gnu@2.0.0':
    resolution: {integrity: sha512-IuXyau6Lo7tmfyREf9XMJGEjmbo0ZLsszoq12DpxzI64XVDhIUtXWFlw40f+WO19/6hRhCcNBdms2DOhKxhiKg==}
    cpu: [x64]
    os: [linux]

  '@oxc-resolver/binding-linux-x64-musl@2.0.0':
    resolution: {integrity: sha512-RbEtfbgEl5C8ztnMbckCZdbkpQ0N4MXSHOLMm3bIoLcVszxGSBNcYolT+iy1VA7U/9vxI7qUlqzgy4uGDIMJkQ==}
    cpu: [x64]
    os: [linux]

  '@oxc-resolver/binding-wasm32-wasi@2.0.0':
    resolution: {integrity: sha512-o0erA0rC2KA9QDm6yWR21c+sawMiKiixN8qnplOdhp64hzA6r/mLdVfFta0lKSPS+gdOUJEi9kFGSGppgvrRWA==}
    engines: {node: '>=14.0.0'}
    cpu: [wasm32]

  '@oxc-resolver/binding-win32-arm64-msvc@2.0.0':
    resolution: {integrity: sha512-X0n0Q1PtnP7DAFLG91TYyrwtXQnSV1P5qnahGr9fCHzfpyEbvJbi1LirvI+dRDrzgPZqTX6CjDkmZMl71Blv/w==}
    cpu: [arm64]
    os: [win32]

  '@oxc-resolver/binding-win32-x64-msvc@2.0.0':
    resolution: {integrity: sha512-WAXJnVr3mP5jUUxyKsPoZU/LZAplulbR0qvdKub76J9x7SNrW3Pl9NyuCM5qLA8LKh2lrZPmLVGweLSgXLXMJA==}
    cpu: [x64]
    os: [win32]

  '@tybys/wasm-util@0.9.0':
    resolution: {integrity: sha512-6+7nlbMVX/PVDCwaIQ8nTOPveOcFLSt8GcXdx8hD0bt39uWxYT88uXzqTd4fTvqta7oeUJqudepapKNt2DYJFw==}

  '@vitejs/longfilename-aaaaaaaaaaaaaaaaaaaaaaaaaaaaaaaaaaaaaaaaaaaaaaaaaaaaaaaaaaaaaaaaaaaaaaaaaaaaaaaaaaaaaaaaaaaaaaaaaaaaaaaaaaaaaaaaaaaaaaaaaaaaaaaaaaaaaaaaaaaaaaaaaaaaaaaaaaaaaaaaaaaaaaaaaaaaaaaaaaaaaaaaaaaa@file:longfilename':
    resolution: {directory: longfilename, type: directory}
    name: '@vitejs/longfilename-aaaaaaaaaaaaaaaaaaaaaaaaaaaaaaaaaaaaaaaaaaaaaaaaaaaaaaaaaaaaaaaaaaaaaaaaaaaaaaaaaaaaaaaaaaaaaaaaaaaaaaaaaaaaaaaaaaaaaaaaaaaaaaaaaaaaaaaaaaaaaaaaaaaaaaaaaaaaaaaaaaaaaaaaaaaaaaaaaaaaaaaaaaaa'

  oxc-resolver@2.0.0:
    resolution: {integrity: sha512-imHkLG6boypjbGm/GC28uxaE7nr6s5H/8FxKbfVtQ8B6g0uu5udGpTNG5kBIYte+kEJfj1KwpfjufWZnGUXIdg==}

  tslib@2.8.1:
    resolution: {integrity: sha512-oJFu94HQb+KVduSUQL7wnpmqnfmLsOA/nAh6b6EH0wCEoK0/mPeXU6c3wKDV83MkOuHPRHtSXKKU99IBazS/2w==}

snapshots:

  '@emnapi/core@1.3.1':
    dependencies:
      '@emnapi/wasi-threads': 1.0.1
      tslib: 2.8.1
    optional: true

  '@emnapi/runtime@1.3.1':
    dependencies:
      tslib: 2.8.1
    optional: true

  '@emnapi/wasi-threads@1.0.1':
    dependencies:
      tslib: 2.8.1
    optional: true

  '@napi-rs/wasm-runtime@0.2.5':
    dependencies:
      '@emnapi/core': 1.3.1
      '@emnapi/runtime': 1.3.1
      '@tybys/wasm-util': 0.9.0
    optional: true

  '@oxc-resolver/binding-darwin-arm64@2.0.0':
    optional: true

  '@oxc-resolver/binding-darwin-x64@2.0.0':
    optional: true

  '@oxc-resolver/binding-freebsd-x64@2.0.0':
    optional: true

  '@oxc-resolver/binding-linux-arm-gnueabihf@2.0.0':
    optional: true

  '@oxc-resolver/binding-linux-arm64-gnu@2.0.0':
    optional: true

  '@oxc-resolver/binding-linux-arm64-musl@2.0.0':
    optional: true

  '@oxc-resolver/binding-linux-x64-gnu@2.0.0':
    optional: true

  '@oxc-resolver/binding-linux-x64-musl@2.0.0':
    optional: true

  '@oxc-resolver/binding-wasm32-wasi@2.0.0':
    dependencies:
      '@napi-rs/wasm-runtime': 0.2.5
    optional: true

  '@oxc-resolver/binding-win32-arm64-msvc@2.0.0':
    optional: true

  '@oxc-resolver/binding-win32-x64-msvc@2.0.0':
    optional: true

  '@tybys/wasm-util@0.9.0':
    dependencies:
      tslib: 2.8.1
    optional: true

  '@vitejs/longfilename-aaaaaaaaaaaaaaaaaaaaaaaaaaaaaaaaaaaaaaaaaaaaaaaaaaaaaaaaaaaaaaaaaaaaaaaaaaaaaaaaaaaaaaaaaaaaaaaaaaaaaaaaaaaaaaaaaaaaaaaaaaaaaaaaaaaaaaaaaaaaaaaaaaaaaaaaaaaaaaaaaaaaaaaaaaaaaaaaaaaaaaaaaaaa@file:longfilename': {}

  oxc-resolver@2.0.0:
    optionalDependencies:
      '@oxc-resolver/binding-darwin-arm64': 2.0.0
      '@oxc-resolver/binding-darwin-x64': 2.0.0
      '@oxc-resolver/binding-freebsd-x64': 2.0.0
      '@oxc-resolver/binding-linux-arm-gnueabihf': 2.0.0
      '@oxc-resolver/binding-linux-arm64-gnu': 2.0.0
      '@oxc-resolver/binding-linux-arm64-musl': 2.0.0
      '@oxc-resolver/binding-linux-x64-gnu': 2.0.0
      '@oxc-resolver/binding-linux-x64-musl': 2.0.0
      '@oxc-resolver/binding-wasm32-wasi': 2.0.0
      '@oxc-resolver/binding-win32-arm64-msvc': 2.0.0
      '@oxc-resolver/binding-win32-x64-msvc': 2.0.0

  tslib@2.8.1:
    optional: true
